// !$*UTF8*$!
{
	archiveVersion = 1;
	classes = {
	};
	objectVersion = 50;
	objects = {

/* Begin PBXBuildFile section */
		8B950B932296396300970861 /* AppDelegate.swift in Sources */ = {isa = PBXBuildFile; fileRef = 8B950B922296396300970861 /* AppDelegate.swift */; };
		8B950B952296396300970861 /* ViewController.swift in Sources */ = {isa = PBXBuildFile; fileRef = 8B950B942296396300970861 /* ViewController.swift */; };
		8B950B982296396300970861 /* Main.storyboard in Resources */ = {isa = PBXBuildFile; fileRef = 8B950B962296396300970861 /* Main.storyboard */; };
		8B950B9A2296396400970861 /* Assets.xcassets in Resources */ = {isa = PBXBuildFile; fileRef = 8B950B992296396400970861 /* Assets.xcassets */; };
		8B950B9D2296396400970861 /* LaunchScreen.storyboard in Resources */ = {isa = PBXBuildFile; fileRef = 8B950B9B2296396400970861 /* LaunchScreen.storyboard */; };
		8B950BA82296396400970861 /* StarlightSearchTests.swift in Sources */ = {isa = PBXBuildFile; fileRef = 8B950BA72296396400970861 /* StarlightSearchTests.swift */; };
		8B950BB32296396400970861 /* StarlightSearchUITests.swift in Sources */ = {isa = PBXBuildFile; fileRef = 8B950BB22296396400970861 /* StarlightSearchUITests.swift */; };
/* End PBXBuildFile section */

/* Begin PBXContainerItemProxy section */
		8B950BA42296396400970861 /* PBXContainerItemProxy */ = {
			isa = PBXContainerItemProxy;
			containerPortal = 8B950B872296396300970861 /* Project object */;
			proxyType = 1;
			remoteGlobalIDString = 8B950B8E2296396300970861;
			remoteInfo = StarlightSearch;
		};
		8B950BAF2296396400970861 /* PBXContainerItemProxy */ = {
			isa = PBXContainerItemProxy;
			containerPortal = 8B950B872296396300970861 /* Project object */;
			proxyType = 1;
			remoteGlobalIDString = 8B950B8E2296396300970861;
			remoteInfo = StarlightSearch;
		};
/* End PBXContainerItemProxy section */

/* Begin PBXFileReference section */
		8B950B8F2296396300970861 /* StarlightSearch.app */ = {isa = PBXFileReference; explicitFileType = wrapper.application; includeInIndex = 0; path = StarlightSearch.app; sourceTree = BUILT_PRODUCTS_DIR; };
		8B950B922296396300970861 /* AppDelegate.swift */ = {isa = PBXFileReference; lastKnownFileType = sourcecode.swift; path = AppDelegate.swift; sourceTree = "<group>"; };
		8B950B942296396300970861 /* ViewController.swift */ = {isa = PBXFileReference; lastKnownFileType = sourcecode.swift; path = ViewController.swift; sourceTree = "<group>"; };
		8B950B972296396300970861 /* Base */ = {isa = PBXFileReference; lastKnownFileType = file.storyboard; name = Base; path = Base.lproj/Main.storyboard; sourceTree = "<group>"; };
		8B950B992296396400970861 /* Assets.xcassets */ = {isa = PBXFileReference; lastKnownFileType = folder.assetcatalog; path = Assets.xcassets; sourceTree = "<group>"; };
		8B950B9C2296396400970861 /* Base */ = {isa = PBXFileReference; lastKnownFileType = file.storyboard; name = Base; path = Base.lproj/LaunchScreen.storyboard; sourceTree = "<group>"; };
		8B950B9E2296396400970861 /* Info.plist */ = {isa = PBXFileReference; lastKnownFileType = text.plist.xml; path = Info.plist; sourceTree = "<group>"; };
		8B950BA32296396400970861 /* StarlightSearchTests.xctest */ = {isa = PBXFileReference; explicitFileType = wrapper.cfbundle; includeInIndex = 0; path = StarlightSearchTests.xctest; sourceTree = BUILT_PRODUCTS_DIR; };
		8B950BA72296396400970861 /* StarlightSearchTests.swift */ = {isa = PBXFileReference; lastKnownFileType = sourcecode.swift; path = StarlightSearchTests.swift; sourceTree = "<group>"; };
		8B950BA92296396400970861 /* Info.plist */ = {isa = PBXFileReference; lastKnownFileType = text.plist.xml; path = Info.plist; sourceTree = "<group>"; };
		8B950BAE2296396400970861 /* StarlightSearchUITests.xctest */ = {isa = PBXFileReference; explicitFileType = wrapper.cfbundle; includeInIndex = 0; path = StarlightSearchUITests.xctest; sourceTree = BUILT_PRODUCTS_DIR; };
		8B950BB22296396400970861 /* StarlightSearchUITests.swift */ = {isa = PBXFileReference; lastKnownFileType = sourcecode.swift; path = StarlightSearchUITests.swift; sourceTree = "<group>"; };
		8B950BB42296396400970861 /* Info.plist */ = {isa = PBXFileReference; lastKnownFileType = text.plist.xml; path = Info.plist; sourceTree = "<group>"; };
/* End PBXFileReference section */

/* Begin PBXFrameworksBuildPhase section */
		8B950B8C2296396300970861 /* Frameworks */ = {
			isa = PBXFrameworksBuildPhase;
			buildActionMask = 2147483647;
			files = (
			);
			runOnlyForDeploymentPostprocessing = 0;
		};
		8B950BA02296396400970861 /* Frameworks */ = {
			isa = PBXFrameworksBuildPhase;
			buildActionMask = 2147483647;
			files = (
			);
			runOnlyForDeploymentPostprocessing = 0;
		};
		8B950BAB2296396400970861 /* Frameworks */ = {
			isa = PBXFrameworksBuildPhase;
			buildActionMask = 2147483647;
			files = (
			);
			runOnlyForDeploymentPostprocessing = 0;
		};
/* End PBXFrameworksBuildPhase section */

/* Begin PBXGroup section */
		8B950B862296396300970861 = {
			isa = PBXGroup;
			children = (
				8B950B912296396300970861 /* StarlightSearch */,
				8B950BA62296396400970861 /* StarlightSearchTests */,
				8B950BB12296396400970861 /* StarlightSearchUITests */,
				8B950B902296396300970861 /* Products */,
			);
			sourceTree = "<group>";
		};
		8B950B902296396300970861 /* Products */ = {
			isa = PBXGroup;
			children = (
				8B950B8F2296396300970861 /* StarlightSearch.app */,
				8B950BA32296396400970861 /* StarlightSearchTests.xctest */,
				8B950BAE2296396400970861 /* StarlightSearchUITests.xctest */,
			);
			name = Products;
			sourceTree = "<group>";
		};
		8B950B912296396300970861 /* StarlightSearch */ = {
			isa = PBXGroup;
			children = (
				8B950B922296396300970861 /* AppDelegate.swift */,
				8B950B942296396300970861 /* ViewController.swift */,
				8B950B962296396300970861 /* Main.storyboard */,
				8B950B992296396400970861 /* Assets.xcassets */,
				8B950B9B2296396400970861 /* LaunchScreen.storyboard */,
				8B950B9E2296396400970861 /* Info.plist */,
			);
			path = StarlightSearch;
			sourceTree = "<group>";
		};
		8B950BA62296396400970861 /* StarlightSearchTests */ = {
			isa = PBXGroup;
			children = (
				8B950BA72296396400970861 /* StarlightSearchTests.swift */,
				8B950BA92296396400970861 /* Info.plist */,
			);
			path = StarlightSearchTests;
			sourceTree = "<group>";
		};
		8B950BB12296396400970861 /* StarlightSearchUITests */ = {
			isa = PBXGroup;
			children = (
				8B950BB22296396400970861 /* StarlightSearchUITests.swift */,
				8B950BB42296396400970861 /* Info.plist */,
			);
			path = StarlightSearchUITests;
			sourceTree = "<group>";
		};
/* End PBXGroup section */

/* Begin PBXNativeTarget section */
		8B950B8E2296396300970861 /* StarlightSearch */ = {
			isa = PBXNativeTarget;
			buildConfigurationList = 8B950BB72296396400970861 /* Build configuration list for PBXNativeTarget "StarlightSearch" */;
			buildPhases = (
				8B950B8B2296396300970861 /* Sources */,
				8B950B8C2296396300970861 /* Frameworks */,
				8B950B8D2296396300970861 /* Resources */,
			);
			buildRules = (
			);
			dependencies = (
			);
			name = StarlightSearch;
			productName = StarlightSearch;
			productReference = 8B950B8F2296396300970861 /* StarlightSearch.app */;
			productType = "com.apple.product-type.application";
		};
		8B950BA22296396400970861 /* StarlightSearchTests */ = {
			isa = PBXNativeTarget;
			buildConfigurationList = 8B950BBA2296396400970861 /* Build configuration list for PBXNativeTarget "StarlightSearchTests" */;
			buildPhases = (
				8B950B9F2296396400970861 /* Sources */,
				8B950BA02296396400970861 /* Frameworks */,
				8B950BA12296396400970861 /* Resources */,
			);
			buildRules = (
			);
			dependencies = (
				8B950BA52296396400970861 /* PBXTargetDependency */,
			);
			name = StarlightSearchTests;
			productName = StarlightSearchTests;
			productReference = 8B950BA32296396400970861 /* StarlightSearchTests.xctest */;
			productType = "com.apple.product-type.bundle.unit-test";
		};
		8B950BAD2296396400970861 /* StarlightSearchUITests */ = {
			isa = PBXNativeTarget;
			buildConfigurationList = 8B950BBD2296396400970861 /* Build configuration list for PBXNativeTarget "StarlightSearchUITests" */;
			buildPhases = (
				8B950BAA2296396400970861 /* Sources */,
				8B950BAB2296396400970861 /* Frameworks */,
				8B950BAC2296396400970861 /* Resources */,
			);
			buildRules = (
			);
			dependencies = (
				8B950BB02296396400970861 /* PBXTargetDependency */,
			);
			name = StarlightSearchUITests;
			productName = StarlightSearchUITests;
			productReference = 8B950BAE2296396400970861 /* StarlightSearchUITests.xctest */;
			productType = "com.apple.product-type.bundle.ui-testing";
		};
/* End PBXNativeTarget section */

/* Begin PBXProject section */
		8B950B872296396300970861 /* Project object */ = {
			isa = PBXProject;
			attributes = {
				LastSwiftUpdateCheck = 1020;
				LastUpgradeCheck = 1020;
				ORGANIZATIONNAME = OBeris;
				TargetAttributes = {
					8B950B8E2296396300970861 = {
						CreatedOnToolsVersion = 10.2.1;
					};
					8B950BA22296396400970861 = {
						CreatedOnToolsVersion = 10.2.1;
						TestTargetID = 8B950B8E2296396300970861;
					};
					8B950BAD2296396400970861 = {
						CreatedOnToolsVersion = 10.2.1;
						TestTargetID = 8B950B8E2296396300970861;
					};
				};
			};
			buildConfigurationList = 8B950B8A2296396300970861 /* Build configuration list for PBXProject "StarlightSearch" */;
			compatibilityVersion = "Xcode 9.3";
			developmentRegion = en;
			hasScannedForEncodings = 0;
			knownRegions = (
				en,
				Base,
			);
			mainGroup = 8B950B862296396300970861;
			productRefGroup = 8B950B902296396300970861 /* Products */;
			projectDirPath = "";
			projectRoot = "";
			targets = (
				8B950B8E2296396300970861 /* StarlightSearch */,
				8B950BA22296396400970861 /* StarlightSearchTests */,
				8B950BAD2296396400970861 /* StarlightSearchUITests */,
			);
		};
/* End PBXProject section */

/* Begin PBXResourcesBuildPhase section */
		8B950B8D2296396300970861 /* Resources */ = {
			isa = PBXResourcesBuildPhase;
			buildActionMask = 2147483647;
			files = (
				8B950B9D2296396400970861 /* LaunchScreen.storyboard in Resources */,
				8B950B9A2296396400970861 /* Assets.xcassets in Resources */,
				8B950B982296396300970861 /* Main.storyboard in Resources */,
			);
			runOnlyForDeploymentPostprocessing = 0;
		};
		8B950BA12296396400970861 /* Resources */ = {
			isa = PBXResourcesBuildPhase;
			buildActionMask = 2147483647;
			files = (
			);
			runOnlyForDeploymentPostprocessing = 0;
		};
		8B950BAC2296396400970861 /* Resources */ = {
			isa = PBXResourcesBuildPhase;
			buildActionMask = 2147483647;
			files = (
			);
			runOnlyForDeploymentPostprocessing = 0;
		};
/* End PBXResourcesBuildPhase section */

/* Begin PBXSourcesBuildPhase section */
		8B950B8B2296396300970861 /* Sources */ = {
			isa = PBXSourcesBuildPhase;
			buildActionMask = 2147483647;
			files = (
				8B950B952296396300970861 /* ViewController.swift in Sources */,
				8B950B932296396300970861 /* AppDelegate.swift in Sources */,
			);
			runOnlyForDeploymentPostprocessing = 0;
		};
		8B950B9F2296396400970861 /* Sources */ = {
			isa = PBXSourcesBuildPhase;
			buildActionMask = 2147483647;
			files = (
				8B950BA82296396400970861 /* StarlightSearchTests.swift in Sources */,
			);
			runOnlyForDeploymentPostprocessing = 0;
		};
		8B950BAA2296396400970861 /* Sources */ = {
			isa = PBXSourcesBuildPhase;
			buildActionMask = 2147483647;
			files = (
				8B950BB32296396400970861 /* StarlightSearchUITests.swift in Sources */,
			);
			runOnlyForDeploymentPostprocessing = 0;
		};
/* End PBXSourcesBuildPhase section */

/* Begin PBXTargetDependency section */
		8B950BA52296396400970861 /* PBXTargetDependency */ = {
			isa = PBXTargetDependency;
			target = 8B950B8E2296396300970861 /* StarlightSearch */;
			targetProxy = 8B950BA42296396400970861 /* PBXContainerItemProxy */;
		};
		8B950BB02296396400970861 /* PBXTargetDependency */ = {
			isa = PBXTargetDependency;
			target = 8B950B8E2296396300970861 /* StarlightSearch */;
			targetProxy = 8B950BAF2296396400970861 /* PBXContainerItemProxy */;
		};
/* End PBXTargetDependency section */

/* Begin PBXVariantGroup section */
		8B950B962296396300970861 /* Main.storyboard */ = {
			isa = PBXVariantGroup;
			children = (
				8B950B972296396300970861 /* Base */,
			);
			name = Main.storyboard;
			sourceTree = "<group>";
		};
		8B950B9B2296396400970861 /* LaunchScreen.storyboard */ = {
			isa = PBXVariantGroup;
			children = (
				8B950B9C2296396400970861 /* Base */,
			);
			name = LaunchScreen.storyboard;
			sourceTree = "<group>";
		};
/* End PBXVariantGroup section */

/* Begin XCBuildConfiguration section */
		8B950BB52296396400970861 /* Debug */ = {
			isa = XCBuildConfiguration;
			buildSettings = {
				ALWAYS_SEARCH_USER_PATHS = NO;
				CLANG_ANALYZER_NONNULL = YES;
				CLANG_ANALYZER_NUMBER_OBJECT_CONVERSION = YES_AGGRESSIVE;
				CLANG_CXX_LANGUAGE_STANDARD = "gnu++14";
				CLANG_CXX_LIBRARY = "libc++";
				CLANG_ENABLE_MODULES = YES;
				CLANG_ENABLE_OBJC_ARC = YES;
				CLANG_ENABLE_OBJC_WEAK = YES;
				CLANG_WARN_BLOCK_CAPTURE_AUTORELEASING = YES;
				CLANG_WARN_BOOL_CONVERSION = YES;
				CLANG_WARN_COMMA = YES;
				CLANG_WARN_CONSTANT_CONVERSION = YES;
				CLANG_WARN_DEPRECATED_OBJC_IMPLEMENTATIONS = YES;
				CLANG_WARN_DIRECT_OBJC_ISA_USAGE = YES_ERROR;
				CLANG_WARN_DOCUMENTATION_COMMENTS = YES;
				CLANG_WARN_EMPTY_BODY = YES;
				CLANG_WARN_ENUM_CONVERSION = YES;
				CLANG_WARN_INFINITE_RECURSION = YES;
				CLANG_WARN_INT_CONVERSION = YES;
				CLANG_WARN_NON_LITERAL_NULL_CONVERSION = YES;
				CLANG_WARN_OBJC_IMPLICIT_RETAIN_SELF = YES;
				CLANG_WARN_OBJC_LITERAL_CONVERSION = YES;
				CLANG_WARN_OBJC_ROOT_CLASS = YES_ERROR;
				CLANG_WARN_RANGE_LOOP_ANALYSIS = YES;
				CLANG_WARN_STRICT_PROTOTYPES = YES;
				CLANG_WARN_SUSPICIOUS_MOVE = YES;
				CLANG_WARN_UNGUARDED_AVAILABILITY = YES_AGGRESSIVE;
				CLANG_WARN_UNREACHABLE_CODE = YES;
				CLANG_WARN__DUPLICATE_METHOD_MATCH = YES;
				CODE_SIGN_IDENTITY = "iPhone Developer";
				COPY_PHASE_STRIP = NO;
				DEBUG_INFORMATION_FORMAT = dwarf;
				ENABLE_STRICT_OBJC_MSGSEND = YES;
				ENABLE_TESTABILITY = YES;
				GCC_C_LANGUAGE_STANDARD = gnu11;
				GCC_DYNAMIC_NO_PIC = NO;
				GCC_NO_COMMON_BLOCKS = YES;
				GCC_OPTIMIZATION_LEVEL = 0;
				GCC_PREPROCESSOR_DEFINITIONS = (
					"DEBUG=1",
					"$(inherited)",
				);
				GCC_WARN_64_TO_32_BIT_CONVERSION = YES;
				GCC_WARN_ABOUT_RETURN_TYPE = YES_ERROR;
				GCC_WARN_UNDECLARED_SELECTOR = YES;
				GCC_WARN_UNINITIALIZED_AUTOS = YES_AGGRESSIVE;
				GCC_WARN_UNUSED_FUNCTION = YES;
				GCC_WARN_UNUSED_VARIABLE = YES;
				IPHONEOS_DEPLOYMENT_TARGET = 12.2;
				MTL_ENABLE_DEBUG_INFO = INCLUDE_SOURCE;
				MTL_FAST_MATH = YES;
				ONLY_ACTIVE_ARCH = YES;
				SDKROOT = iphoneos;
				SWIFT_ACTIVE_COMPILATION_CONDITIONS = DEBUG;
				SWIFT_OPTIMIZATION_LEVEL = "-Onone";
			};
			name = Debug;
		};
		8B950BB62296396400970861 /* Release */ = {
			isa = XCBuildConfiguration;
			buildSettings = {
				ALWAYS_SEARCH_USER_PATHS = NO;
				CLANG_ANALYZER_NONNULL = YES;
				CLANG_ANALYZER_NUMBER_OBJECT_CONVERSION = YES_AGGRESSIVE;
				CLANG_CXX_LANGUAGE_STANDARD = "gnu++14";
				CLANG_CXX_LIBRARY = "libc++";
				CLANG_ENABLE_MODULES = YES;
				CLANG_ENABLE_OBJC_ARC = YES;
				CLANG_ENABLE_OBJC_WEAK = YES;
				CLANG_WARN_BLOCK_CAPTURE_AUTORELEASING = YES;
				CLANG_WARN_BOOL_CONVERSION = YES;
				CLANG_WARN_COMMA = YES;
				CLANG_WARN_CONSTANT_CONVERSION = YES;
				CLANG_WARN_DEPRECATED_OBJC_IMPLEMENTATIONS = YES;
				CLANG_WARN_DIRECT_OBJC_ISA_USAGE = YES_ERROR;
				CLANG_WARN_DOCUMENTATION_COMMENTS = YES;
				CLANG_WARN_EMPTY_BODY = YES;
				CLANG_WARN_ENUM_CONVERSION = YES;
				CLANG_WARN_INFINITE_RECURSION = YES;
				CLANG_WARN_INT_CONVERSION = YES;
				CLANG_WARN_NON_LITERAL_NULL_CONVERSION = YES;
				CLANG_WARN_OBJC_IMPLICIT_RETAIN_SELF = YES;
				CLANG_WARN_OBJC_LITERAL_CONVERSION = YES;
				CLANG_WARN_OBJC_ROOT_CLASS = YES_ERROR;
				CLANG_WARN_RANGE_LOOP_ANALYSIS = YES;
				CLANG_WARN_STRICT_PROTOTYPES = YES;
				CLANG_WARN_SUSPICIOUS_MOVE = YES;
				CLANG_WARN_UNGUARDED_AVAILABILITY = YES_AGGRESSIVE;
				CLANG_WARN_UNREACHABLE_CODE = YES;
				CLANG_WARN__DUPLICATE_METHOD_MATCH = YES;
				CODE_SIGN_IDENTITY = "iPhone Developer";
				COPY_PHASE_STRIP = NO;
				DEBUG_INFORMATION_FORMAT = "dwarf-with-dsym";
				ENABLE_NS_ASSERTIONS = NO;
				ENABLE_STRICT_OBJC_MSGSEND = YES;
				GCC_C_LANGUAGE_STANDARD = gnu11;
				GCC_NO_COMMON_BLOCKS = YES;
				GCC_WARN_64_TO_32_BIT_CONVERSION = YES;
				GCC_WARN_ABOUT_RETURN_TYPE = YES_ERROR;
				GCC_WARN_UNDECLARED_SELECTOR = YES;
				GCC_WARN_UNINITIALIZED_AUTOS = YES_AGGRESSIVE;
				GCC_WARN_UNUSED_FUNCTION = YES;
				GCC_WARN_UNUSED_VARIABLE = YES;
				IPHONEOS_DEPLOYMENT_TARGET = 12.2;
				MTL_ENABLE_DEBUG_INFO = NO;
				MTL_FAST_MATH = YES;
				SDKROOT = iphoneos;
				SWIFT_COMPILATION_MODE = wholemodule;
				SWIFT_OPTIMIZATION_LEVEL = "-O";
				VALIDATE_PRODUCT = YES;
			};
			name = Release;
		};
		8B950BB82296396400970861 /* Debug */ = {
			isa = XCBuildConfiguration;
			buildSettings = {
				ASSETCATALOG_COMPILER_APPICON_NAME = AppIcon;
				CODE_SIGN_STYLE = Automatic;
				INFOPLIST_FILE = StarlightSearch/Info.plist;
				LD_RUNPATH_SEARCH_PATHS = (
					"$(inherited)",
					"@executable_path/Frameworks",
				);
				PRODUCT_BUNDLE_IDENTIFIER = oberis.cyphers.StarlightSearch;
				PRODUCT_NAME = "$(TARGET_NAME)";
				SWIFT_VERSION = 5.0;
				TARGETED_DEVICE_FAMILY = "1,2";
			};
			name = Debug;
		};
		8B950BB92296396400970861 /* Release */ = {
			isa = XCBuildConfiguration;
			buildSettings = {
				ASSETCATALOG_COMPILER_APPICON_NAME = AppIcon;
				CODE_SIGN_STYLE = Automatic;
				INFOPLIST_FILE = StarlightSearch/Info.plist;
				LD_RUNPATH_SEARCH_PATHS = (
					"$(inherited)",
					"@executable_path/Frameworks",
				);
				PRODUCT_BUNDLE_IDENTIFIER = oberis.cyphers.StarlightSearch;
				PRODUCT_NAME = "$(TARGET_NAME)";
				SWIFT_VERSION = 5.0;
				TARGETED_DEVICE_FAMILY = "1,2";
			};
			name = Release;
		};
		8B950BBB2296396400970861 /* Debug */ = {
			isa = XCBuildConfiguration;
			buildSettings = {
				ALWAYS_EMBED_SWIFT_STANDARD_LIBRARIES = YES;
				BUNDLE_LOADER = "$(TEST_HOST)";
				CODE_SIGN_STYLE = Automatic;
				INFOPLIST_FILE = StarlightSearchTests/Info.plist;
				LD_RUNPATH_SEARCH_PATHS = (
					"$(inherited)",
					"@executable_path/Frameworks",
					"@loader_path/Frameworks",
				);
				PRODUCT_BUNDLE_IDENTIFIER = oberis.cyphers.StarlightSearchTests;
				PRODUCT_NAME = "$(TARGET_NAME)";
				SWIFT_VERSION = 5.0;
				TARGETED_DEVICE_FAMILY = "1,2";
				TEST_HOST = "$(BUILT_PRODUCTS_DIR)/StarlightSearch.app/StarlightSearch";
			};
			name = Debug;
		};
		8B950BBC2296396400970861 /* Release */ = {
			isa = XCBuildConfiguration;
			buildSettings = {
				ALWAYS_EMBED_SWIFT_STANDARD_LIBRARIES = YES;
				BUNDLE_LOADER = "$(TEST_HOST)";
				CODE_SIGN_STYLE = Automatic;
				INFOPLIST_FILE = StarlightSearchTests/Info.plist;
				LD_RUNPATH_SEARCH_PATHS = (
					"$(inherited)",
					"@executable_path/Frameworks",
					"@loader_path/Frameworks",
				);
				PRODUCT_BUNDLE_IDENTIFIER = oberis.cyphers.StarlightSearchTests;
				PRODUCT_NAME = "$(TARGET_NAME)";
				SWIFT_VERSION = 5.0;
				TARGETED_DEVICE_FAMILY = "1,2";
				TEST_HOST = "$(BUILT_PRODUCTS_DIR)/StarlightSearch.app/StarlightSearch";
			};
			name = Release;
		};
		8B950BBE2296396400970861 /* Debug */ = {
			isa = XCBuildConfiguration;
			buildSettings = {
				ALWAYS_EMBED_SWIFT_STANDARD_LIBRARIES = YES;
				CODE_SIGN_STYLE = Automatic;
				INFOPLIST_FILE = StarlightSearchUITests/Info.plist;
				LD_RUNPATH_SEARCH_PATHS = (
					"$(inherited)",
					"@executable_path/Frameworks",
					"@loader_path/Frameworks",
				);
				PRODUCT_BUNDLE_IDENTIFIER = oberis.cyphers.StarlightSearchUITests;
				PRODUCT_NAME = "$(TARGET_NAME)";
				SWIFT_VERSION = 5.0;
				TARGETED_DEVICE_FAMILY = "1,2";
				TEST_TARGET_NAME = StarlightSearch;
			};
			name = Debug;
		};
		8B950BBF2296396400970861 /* Release */ = {
			isa = XCBuildConfiguration;
			buildSettings = {
				ALWAYS_EMBED_SWIFT_STANDARD_LIBRARIES = YES;
				CODE_SIGN_STYLE = Automatic;
				INFOPLIST_FILE = StarlightSearchUITests/Info.plist;
				LD_RUNPATH_SEARCH_PATHS = (
					"$(inherited)",
					"@executable_path/Frameworks",
					"@loader_path/Frameworks",
				);
				PRODUCT_BUNDLE_IDENTIFIER = oberis.cyphers.StarlightSearchUITests;
				PRODUCT_NAME = "$(TARGET_NAME)";
				SWIFT_VERSION = 5.0;
				TARGETED_DEVICE_FAMILY = "1,2";
				TEST_TARGET_NAME = StarlightSearch;
			};
			name = Release;
		};
/* End XCBuildConfiguration section */

/* Begin XCConfigurationList section */
		8B950B8A2296396300970861 /* Build configuration list for PBXProject "StarlightSearch" */ = {
			isa = XCConfigurationList;
			buildConfigurations = (
				8B950BB52296396400970861 /* Debug */,
				8B950BB62296396400970861 /* Release */,
			);
			defaultConfigurationIsVisible = 0;
			defaultConfigurationName = Release;
		};
		8B950BB72296396400970861 /* Build configuration list for PBXNativeTarget "StarlightSearch" */ = {
			isa = XCConfigurationList;
			buildConfigurations = (
				8B950BB82296396400970861 /* Debug */,
				8B950BB92296396400970861 /* Release */,
			);
			defaultConfigurationIsVisible = 0;
			defaultConfigurationName = Release;
		};
		8B950BBA2296396400970861 /* Build configuration list for PBXNativeTarget "StarlightSearchTests" */ = {
			isa = XCConfigurationList;
			buildConfigurations = (
				8B950BBB2296396400970861 /* Debug */,
				8B950BBC2296396400970861 /* Release */,
			);
			defaultConfigurationIsVisible = 0;
			defaultConfigurationName = Release;
		};
		8B950BBD2296396400970861 /* Build configuration list for PBXNativeTarget "StarlightSearchUITests" */ = {
			isa = XCConfigurationList;
			buildConfigurations = (
				8B950BBE2296396400970861 /* Debug */,
				8B950BBF2296396400970861 /* Release */,
			);
			defaultConfigurationIsVisible = 0;
			defaultConfigurationName = Release;
		};
/* End XCConfigurationList section */
	};
	rootObject = 8B950B872296396300970861 /* Project object */;
}
